<?xml version="1.0" encoding="utf-8"?>
<Project ToolsVersion="4.0" xmlns="http://schemas.microsoft.com/developer/msbuild/2003">
  <ItemGroup>
    <Filter Include="Source Files">
      <UniqueIdentifier>{4FC737F1-C7A5-4376-A066-2A32D752A2FF}</UniqueIdentifier>
      <Extensions>cpp;c;cc;cxx;def;odl;idl;hpj;bat;asm;asmx</Extensions>
    </Filter>
    <Filter Include="Entities">
      <UniqueIdentifier>{f9ea6b73-3ee9-46ff-ae8f-eebd4368f7b7}</UniqueIdentifier>
    </Filter>
    <Filter Include="Headers">
      <UniqueIdentifier>{3fd12234-8e54-4234-9142-fcb3e41b69d4}</UniqueIdentifier>
    </Filter>
    <Filter Include="Spells">
      <UniqueIdentifier>{808bdda8-3294-4121-b010-9d70e90c10e0}</UniqueIdentifier>
    </Filter>
  </ItemGroup>
  <ItemGroup>
    <ClCompile Include="main.cpp">
      <Filter>Source Files</Filter>
    </ClCompile>
    <ClCompile Include="CollisionDetection.cpp">
      <Filter>Source Files</Filter>
    </ClCompile>
    <ClCompile Include="GameEntity.cpp">
      <Filter>Entities</Filter>
    </ClCompile>
    <ClCompile Include="KinematicEntity.cpp">
      <Filter>Entities</Filter>
    </ClCompile>
    <ClCompile Include="Player.cpp">
      <Filter>Source Files</Filter>
    </ClCompile>
    <ClCompile Include="Enemy.cpp">
      <Filter>Source Files</Filter>
    </ClCompile>
    <ClCompile Include="Spell.cpp">
      <Filter>Spells</Filter>
    </ClCompile>
    <ClCompile Include="FireShield.cpp">
      <Filter>Spells</Filter>
    </ClCompile>
    <ClCompile Include="WaveManager.cpp">
      <Filter>Source Files</Filter>
    </ClCompile>
    <ClCompile Include="Wave.cpp">
      <Filter>Source Files</Filter>
    </ClCompile>
  </ItemGroup>
  <ItemGroup>
    <ClInclude Include="GameEntity.h">
      <Filter>Entities</Filter>
    </ClInclude>
    <ClInclude Include="KinematicEntity.h">
      <Filter>Entities</Filter>
    </ClInclude>
    <ClInclude Include="CollisionDetection.h">
      <Filter>Headers</Filter>
    </ClInclude>
    <ClInclude Include="Enemy.h">
      <Filter>Headers</Filter>
    </ClInclude>
    <ClInclude Include="Headers.h">
      <Filter>Headers</Filter>
    </ClInclude>
    <ClInclude Include="Player.h">
      <Filter>Headers</Filter>
    </ClInclude>
    <ClInclude Include="Vector2f.h">
      <Filter>Headers</Filter>
    </ClInclude>
    <ClInclude Include="FireShield.h">
      <Filter>Spells</Filter>
    </ClInclude>
    <ClInclude Include="Spell.h">
      <Filter>Spells</Filter>
    </ClInclude>
    <ClInclude Include="WaveManager.h">
      <Filter>Headers</Filter>
    </ClInclude>
    <ClInclude Include="Wave.h">
      <Filter>Headers</Filter>
    </ClInclude>
  </ItemGroup>
</Project>